
Microsoft Visual Studio Solution File, Format Version 12.00
# Visual Studio Version 17
VisualStudioVersion = 17.7.34031.279
MinimumVisualStudioVersion = 10.0.40219.1
Project("{FAE04EC0-301F-11D3-BF4B-00C04F79EFBC}") = "bootstrap-portfolio.MVC", "bootstrap-portfolio\bootstrap-portfolio.MVC.csproj", "{E854957B-FD3D-48BB-9769-1EB992566E43}"
EndProject
Project("{FAE04EC0-301F-11D3-BF4B-00C04F79EFBC}") = "bootstrap-portfolio.Business", "bootstrap-portfolio.Business\bootstrap-portfolio.Business.csproj", "{54926B12-23B7-41C2-8ACA-8E038FCC324A}"
EndProject
Project("{FAE04EC0-301F-11D3-BF4B-00C04F79EFBC}") = "bootstrap-portfolio.Core", "bootstrap-portfolio.Core\bootstrap-portfolio.Core.csproj", "{41B85848-8E28-4D82-A7C2-E185689590C0}"
EndProject
Project("{FAE04EC0-301F-11D3-BF4B-00C04F79EFBC}") = "bootstrap-portfolio.DataAccess", "bootstrap-portfolio.DataBaseAccessLayer\bootstrap-portfolio.DataAccess.csproj", "{B087EDC0-A8D6-4EA5-97E0-A766C459934C}"
EndProject
Global
	GlobalSection(SolutionConfigurationPlatforms) = preSolution
		Debug|Any CPU = Debug|Any CPU
		Release|Any CPU = Release|Any CPU
	EndGlobalSection
	GlobalSection(ProjectConfigurationPlatforms) = postSolution
		{E854957B-FD3D-48BB-9769-1EB992566E43}.Debug|Any CPU.ActiveCfg = Debug|Any CPU
		{E854957B-FD3D-48BB-9769-1EB992566E43}.Debug|Any CPU.Build.0 = Debug|Any CPU
		{E854957B-FD3D-48BB-9769-1EB992566E43}.Release|Any CPU.ActiveCfg = Release|Any CPU
		{E854957B-FD3D-48BB-9769-1EB992566E43}.Release|Any CPU.Build.0 = Release|Any CPU
		{54926B12-23B7-41C2-8ACA-8E038FCC324A}.Debug|Any CPU.ActiveCfg = Debug|Any CPU
		{54926B12-23B7-41C2-8ACA-8E038FCC324A}.Debug|Any CPU.Build.0 = Debug|Any CPU
		{54926B12-23B7-41C2-8ACA-8E038FCC324A}.Release|Any CPU.ActiveCfg = Release|Any CPU
		{54926B12-23B7-41C2-8ACA-8E038FCC324A}.Release|Any CPU.Build.0 = Release|Any CPU
		{41B85848-8E28-4D82-A7C2-E185689590C0}.Debug|Any CPU.ActiveCfg = Debug|Any CPU
		{41B85848-8E28-4D82-A7C2-E185689590C0}.Debug|Any CPU.Build.0 = Debug|Any CPU
		{41B85848-8E28-4D82-A7C2-E185689590C0}.Release|Any CPU.ActiveCfg = Release|Any CPU
		{41B85848-8E28-4D82-A7C2-E185689590C0}.Release|Any CPU.Build.0 = Release|Any CPU
		{B087EDC0-A8D6-4EA5-97E0-A766C459934C}.Debug|Any CPU.ActiveCfg = Debug|Any CPU
		{B087EDC0-A8D6-4EA5-97E0-A766C459934C}.Debug|Any CPU.Build.0 = Debug|Any CPU
		{B087EDC0-A8D6-4EA5-97E0-A766C459934C}.Release|Any CPU.ActiveCfg = Release|Any CPU
		{B087EDC0-A8D6-4EA5-97E0-A766C459934C}.Release|Any CPU.Build.0 = Release|Any CPU
	EndGlobalSection
	GlobalSection(SolutionProperties) = preSolution
		HideSolutionNode = FALSE
	EndGlobalSection
	GlobalSection(ExtensibilityGlobals) = postSolution
		SolutionGuid = {8331F4E1-7923-4E41-9A76-8CDE3076F0EE}
	EndGlobalSection
EndGlobal
